// !$*UTF8*$!
{
	archiveVersion = 1;
	classes = {
	};
	objectVersion = 46;
	objects = {

/* Begin PBXBuildFile section */
		B301DD081D43BB87001C307C /* WriteCommentTableViewCell.m in Sources */ = {isa = PBXBuildFile; fileRef = B301DD071D43BB87001C307C /* WriteCommentTableViewCell.m */; };
		B31C924A1D41BB1A004F81F0 /* QuestionTableViewCell.m in Sources */ = {isa = PBXBuildFile; fileRef = B31C92491D41BB1A004F81F0 /* QuestionTableViewCell.m */; };
		B31C924D1D41D87A004F81F0 /* QuestionDetailViewController.m in Sources */ = {isa = PBXBuildFile; fileRef = B31C924C1D41D87A004F81F0 /* QuestionDetailViewController.m */; };
		B31C92501D41D977004F81F0 /* Question.m in Sources */ = {isa = PBXBuildFile; fileRef = B31C924F1D41D977004F81F0 /* Question.m */; };
		B31C92531D4262E5004F81F0 /* Comment.m in Sources */ = {isa = PBXBuildFile; fileRef = B31C92521D4262E5004F81F0 /* Comment.m */; };
		B31C92561D42658F004F81F0 /* HTTPManager.m in Sources */ = {isa = PBXBuildFile; fileRef = B31C92551D42658F004F81F0 /* HTTPManager.m */; };
		B333ABA21D3E917B00FDCCA4 /* main.m in Sources */ = {isa = PBXBuildFile; fileRef = B333ABA11D3E917B00FDCCA4 /* main.m */; };
		B333ABA51D3E917B00FDCCA4 /* AppDelegate.m in Sources */ = {isa = PBXBuildFile; fileRef = B333ABA41D3E917B00FDCCA4 /* AppDelegate.m */; };
		B333ABA81D3E917B00FDCCA4 /* TableViewController.m in Sources */ = {isa = PBXBuildFile; fileRef = B333ABA71D3E917B00FDCCA4 /* TableViewController.m */; };
		B333ABAB1D3E917B00FDCCA4 /* Main.storyboard in Resources */ = {isa = PBXBuildFile; fileRef = B333ABA91D3E917B00FDCCA4 /* Main.storyboard */; };
		B333ABAD1D3E917B00FDCCA4 /* Assets.xcassets in Resources */ = {isa = PBXBuildFile; fileRef = B333ABAC1D3E917B00FDCCA4 /* Assets.xcassets */; };
		B333ABB01D3E917B00FDCCA4 /* LaunchScreen.storyboard in Resources */ = {isa = PBXBuildFile; fileRef = B333ABAE1D3E917B00FDCCA4 /* LaunchScreen.storyboard */; };
		B333ABBB1D3E917B00FDCCA4 /* Peer_TutoringTests.m in Sources */ = {isa = PBXBuildFile; fileRef = B333ABBA1D3E917B00FDCCA4 /* Peer_TutoringTests.m */; };
		B333ABC61D3E917B00FDCCA4 /* Peer_TutoringUITests.m in Sources */ = {isa = PBXBuildFile; fileRef = B333ABC51D3E917B00FDCCA4 /* Peer_TutoringUITests.m */; };
		B3F342971D431C220076C37E /* CommentTableViewCell.m in Sources */ = {isa = PBXBuildFile; fileRef = B3F342961D431C220076C37E /* CommentTableViewCell.m */; };
/* End PBXBuildFile section */

/* Begin PBXContainerItemProxy section */
		B333ABB71D3E917B00FDCCA4 /* PBXContainerItemProxy */ = {
			isa = PBXContainerItemProxy;
			containerPortal = B333AB951D3E917A00FDCCA4 /* Project object */;
			proxyType = 1;
			remoteGlobalIDString = B333AB9C1D3E917B00FDCCA4;
			remoteInfo = "Peer Tutoring";
		};
		B333ABC21D3E917B00FDCCA4 /* PBXContainerItemProxy */ = {
			isa = PBXContainerItemProxy;
			containerPortal = B333AB951D3E917A00FDCCA4 /* Project object */;
			proxyType = 1;
			remoteGlobalIDString = B333AB9C1D3E917B00FDCCA4;
			remoteInfo = "Peer Tutoring";
		};
/* End PBXContainerItemProxy section */

/* Begin PBXFileReference section */
		B301DD061D43BB87001C307C /* WriteCommentTableViewCell.h */ = {isa = PBXFileReference; fileEncoding = 4; lastKnownFileType = sourcecode.c.h; path = WriteCommentTableViewCell.h; sourceTree = "<group>"; };
		B301DD071D43BB87001C307C /* WriteCommentTableViewCell.m */ = {isa = PBXFileReference; fileEncoding = 4; lastKnownFileType = sourcecode.c.objc; path = WriteCommentTableViewCell.m; sourceTree = "<group>"; };
		B31C92481D41BB1A004F81F0 /* QuestionTableViewCell.h */ = {isa = PBXFileReference; fileEncoding = 4; lastKnownFileType = sourcecode.c.h; path = QuestionTableViewCell.h; sourceTree = "<group>"; };
		B31C92491D41BB1A004F81F0 /* QuestionTableViewCell.m */ = {isa = PBXFileReference; fileEncoding = 4; lastKnownFileType = sourcecode.c.objc; path = QuestionTableViewCell.m; sourceTree = "<group>"; };
		B31C924B1D41D87A004F81F0 /* QuestionDetailViewController.h */ = {isa = PBXFileReference; fileEncoding = 4; lastKnownFileType = sourcecode.c.h; path = QuestionDetailViewController.h; sourceTree = "<group>"; };
		B31C924C1D41D87A004F81F0 /* QuestionDetailViewController.m */ = {isa = PBXFileReference; fileEncoding = 4; lastKnownFileType = sourcecode.c.objc; path = QuestionDetailViewController.m; sourceTree = "<group>"; };
		B31C924E1D41D977004F81F0 /* Question.h */ = {isa = PBXFileReference; fileEncoding = 4; lastKnownFileType = sourcecode.c.h; path = Question.h; sourceTree = "<group>"; };
		B31C924F1D41D977004F81F0 /* Question.m */ = {isa = PBXFileReference; fileEncoding = 4; lastKnownFileType = sourcecode.c.objc; path = Question.m; sourceTree = "<group>"; };
		B31C92511D4262E5004F81F0 /* Comment.h */ = {isa = PBXFileReference; fileEncoding = 4; lastKnownFileType = sourcecode.c.h; path = Comment.h; sourceTree = "<group>"; };
		B31C92521D4262E5004F81F0 /* Comment.m */ = {isa = PBXFileReference; fileEncoding = 4; lastKnownFileType = sourcecode.c.objc; path = Comment.m; sourceTree = "<group>"; };
		B31C92541D42658F004F81F0 /* HTTPManager.h */ = {isa = PBXFileReference; fileEncoding = 4; lastKnownFileType = sourcecode.c.h; path = HTTPManager.h; sourceTree = "<group>"; };
		B31C92551D42658F004F81F0 /* HTTPManager.m */ = {isa = PBXFileReference; fileEncoding = 4; lastKnownFileType = sourcecode.c.objc; path = HTTPManager.m; sourceTree = "<group>"; };
		B333AB9D1D3E917B00FDCCA4 /* Peer Tutoring.app */ = {isa = PBXFileReference; explicitFileType = wrapper.application; includeInIndex = 0; path = "Peer Tutoring.app"; sourceTree = BUILT_PRODUCTS_DIR; };
		B333ABA11D3E917B00FDCCA4 /* main.m */ = {isa = PBXFileReference; lastKnownFileType = sourcecode.c.objc; path = main.m; sourceTree = "<group>"; };
		B333ABA31D3E917B00FDCCA4 /* AppDelegate.h */ = {isa = PBXFileReference; lastKnownFileType = sourcecode.c.h; path = AppDelegate.h; sourceTree = "<group>"; };
		B333ABA41D3E917B00FDCCA4 /* AppDelegate.m */ = {isa = PBXFileReference; lastKnownFileType = sourcecode.c.objc; path = AppDelegate.m; sourceTree = "<group>"; };
		B333ABA61D3E917B00FDCCA4 /* TableViewController.h */ = {isa = PBXFileReference; lastKnownFileType = sourcecode.c.h; path = TableViewController.h; sourceTree = "<group>"; };
		B333ABA71D3E917B00FDCCA4 /* TableViewController.m */ = {isa = PBXFileReference; lastKnownFileType = sourcecode.c.objc; path = TableViewController.m; sourceTree = "<group>"; };
		B333ABAA1D3E917B00FDCCA4 /* Base */ = {isa = PBXFileReference; lastKnownFileType = file.storyboard; name = Base; path = Base.lproj/Main.storyboard; sourceTree = "<group>"; };
		B333ABAC1D3E917B00FDCCA4 /* Assets.xcassets */ = {isa = PBXFileReference; lastKnownFileType = folder.assetcatalog; path = Assets.xcassets; sourceTree = "<group>"; };
		B333ABAF1D3E917B00FDCCA4 /* Base */ = {isa = PBXFileReference; lastKnownFileType = file.storyboard; name = Base; path = Base.lproj/LaunchScreen.storyboard; sourceTree = "<group>"; };
		B333ABB11D3E917B00FDCCA4 /* Info.plist */ = {isa = PBXFileReference; lastKnownFileType = text.plist.xml; path = Info.plist; sourceTree = "<group>"; };
		B333ABB61D3E917B00FDCCA4 /* Peer TutoringTests.xctest */ = {isa = PBXFileReference; explicitFileType = wrapper.cfbundle; includeInIndex = 0; path = "Peer TutoringTests.xctest"; sourceTree = BUILT_PRODUCTS_DIR; };
		B333ABBA1D3E917B00FDCCA4 /* Peer_TutoringTests.m */ = {isa = PBXFileReference; lastKnownFileType = sourcecode.c.objc; path = Peer_TutoringTests.m; sourceTree = "<group>"; };
		B333ABBC1D3E917B00FDCCA4 /* Info.plist */ = {isa = PBXFileReference; lastKnownFileType = text.plist.xml; path = Info.plist; sourceTree = "<group>"; };
		B333ABC11D3E917B00FDCCA4 /* Peer TutoringUITests.xctest */ = {isa = PBXFileReference; explicitFileType = wrapper.cfbundle; includeInIndex = 0; path = "Peer TutoringUITests.xctest"; sourceTree = BUILT_PRODUCTS_DIR; };
		B333ABC51D3E917B00FDCCA4 /* Peer_TutoringUITests.m */ = {isa = PBXFileReference; lastKnownFileType = sourcecode.c.objc; path = Peer_TutoringUITests.m; sourceTree = "<group>"; };
		B333ABC71D3E917B00FDCCA4 /* Info.plist */ = {isa = PBXFileReference; lastKnownFileType = text.plist.xml; path = Info.plist; sourceTree = "<group>"; };
		B3F342951D431C220076C37E /* CommentTableViewCell.h */ = {isa = PBXFileReference; fileEncoding = 4; lastKnownFileType = sourcecode.c.h; path = CommentTableViewCell.h; sourceTree = "<group>"; };
		B3F342961D431C220076C37E /* CommentTableViewCell.m */ = {isa = PBXFileReference; fileEncoding = 4; lastKnownFileType = sourcecode.c.objc; path = CommentTableViewCell.m; sourceTree = "<group>"; };
/* End PBXFileReference section */

/* Begin PBXFrameworksBuildPhase section */
		B333AB9A1D3E917B00FDCCA4 /* Frameworks */ = {
			isa = PBXFrameworksBuildPhase;
			buildActionMask = 2147483647;
			files = (
			);
			runOnlyForDeploymentPostprocessing = 0;
		};
		B333ABB31D3E917B00FDCCA4 /* Frameworks */ = {
			isa = PBXFrameworksBuildPhase;
			buildActionMask = 2147483647;
			files = (
			);
			runOnlyForDeploymentPostprocessing = 0;
		};
		B333ABBE1D3E917B00FDCCA4 /* Frameworks */ = {
			isa = PBXFrameworksBuildPhase;
			buildActionMask = 2147483647;
			files = (
			);
			runOnlyForDeploymentPostprocessing = 0;
		};
/* End PBXFrameworksBuildPhase section */

/* Begin PBXGroup section */
		B333AB941D3E917A00FDCCA4 = {
			isa = PBXGroup;
			children = (
				B333AB9F1D3E917B00FDCCA4 /* Peer Tutoring */,
				B333ABB91D3E917B00FDCCA4 /* Peer TutoringTests */,
				B333ABC41D3E917B00FDCCA4 /* Peer TutoringUITests */,
				B333AB9E1D3E917B00FDCCA4 /* Products */,
			);
			sourceTree = "<group>";
		};
		B333AB9E1D3E917B00FDCCA4 /* Products */ = {
			isa = PBXGroup;
			children = (
				B333AB9D1D3E917B00FDCCA4 /* Peer Tutoring.app */,
				B333ABB61D3E917B00FDCCA4 /* Peer TutoringTests.xctest */,
				B333ABC11D3E917B00FDCCA4 /* Peer TutoringUITests.xctest */,
			);
			name = Products;
			sourceTree = "<group>";
		};
		B333AB9F1D3E917B00FDCCA4 /* Peer Tutoring */ = {
			isa = PBXGroup;
			children = (
				B333ABA31D3E917B00FDCCA4 /* AppDelegate.h */,
				B333ABA41D3E917B00FDCCA4 /* AppDelegate.m */,
				B333ABA61D3E917B00FDCCA4 /* TableViewController.h */,
				B333ABA71D3E917B00FDCCA4 /* TableViewController.m */,
				B31C92481D41BB1A004F81F0 /* QuestionTableViewCell.h */,
				B31C92491D41BB1A004F81F0 /* QuestionTableViewCell.m */,
				B3F342951D431C220076C37E /* CommentTableViewCell.h */,
				B3F342961D431C220076C37E /* CommentTableViewCell.m */,
				B301DD061D43BB87001C307C /* WriteCommentTableViewCell.h */,
				B301DD071D43BB87001C307C /* WriteCommentTableViewCell.m */,
				B31C924B1D41D87A004F81F0 /* QuestionDetailViewController.h */,
				B31C924C1D41D87A004F81F0 /* QuestionDetailViewController.m */,
				B31C924E1D41D977004F81F0 /* Question.h */,
				B31C924F1D41D977004F81F0 /* Question.m */,
				B31C92511D4262E5004F81F0 /* Comment.h */,
				B31C92521D4262E5004F81F0 /* Comment.m */,
				B31C92541D42658F004F81F0 /* HTTPManager.h */,
				B31C92551D42658F004F81F0 /* HTTPManager.m */,
				B333ABA91D3E917B00FDCCA4 /* Main.storyboard */,
				B333ABAC1D3E917B00FDCCA4 /* Assets.xcassets */,
				B333ABAE1D3E917B00FDCCA4 /* LaunchScreen.storyboard */,
				B333ABB11D3E917B00FDCCA4 /* Info.plist */,
				B333ABA01D3E917B00FDCCA4 /* Supporting Files */,
			);
			path = "Peer Tutoring";
			sourceTree = "<group>";
		};
		B333ABA01D3E917B00FDCCA4 /* Supporting Files */ = {
			isa = PBXGroup;
			children = (
				B333ABA11D3E917B00FDCCA4 /* main.m */,
			);
			name = "Supporting Files";
			sourceTree = "<group>";
		};
		B333ABB91D3E917B00FDCCA4 /* Peer TutoringTests */ = {
			isa = PBXGroup;
			children = (
				B333ABBA1D3E917B00FDCCA4 /* Peer_TutoringTests.m */,
				B333ABBC1D3E917B00FDCCA4 /* Info.plist */,
			);
			path = "Peer TutoringTests";
			sourceTree = "<group>";
		};
		B333ABC41D3E917B00FDCCA4 /* Peer TutoringUITests */ = {
			isa = PBXGroup;
			children = (
				B333ABC51D3E917B00FDCCA4 /* Peer_TutoringUITests.m */,
				B333ABC71D3E917B00FDCCA4 /* Info.plist */,
			);
			path = "Peer TutoringUITests";
			sourceTree = "<group>";
		};
/* End PBXGroup section */

/* Begin PBXNativeTarget section */
		B333AB9C1D3E917B00FDCCA4 /* Peer Tutoring */ = {
			isa = PBXNativeTarget;
			buildConfigurationList = B333ABCA1D3E917B00FDCCA4 /* Build configuration list for PBXNativeTarget "Peer Tutoring" */;
			buildPhases = (
				B333AB991D3E917B00FDCCA4 /* Sources */,
				B333AB9A1D3E917B00FDCCA4 /* Frameworks */,
				B333AB9B1D3E917B00FDCCA4 /* Resources */,
			);
			buildRules = (
			);
			dependencies = (
			);
			name = "Peer Tutoring";
			productName = "Peer Tutoring";
			productReference = B333AB9D1D3E917B00FDCCA4 /* Peer Tutoring.app */;
			productType = "com.apple.product-type.application";
		};
		B333ABB51D3E917B00FDCCA4 /* Peer TutoringTests */ = {
			isa = PBXNativeTarget;
			buildConfigurationList = B333ABCD1D3E917B00FDCCA4 /* Build configuration list for PBXNativeTarget "Peer TutoringTests" */;
			buildPhases = (
				B333ABB21D3E917B00FDCCA4 /* Sources */,
				B333ABB31D3E917B00FDCCA4 /* Frameworks */,
				B333ABB41D3E917B00FDCCA4 /* Resources */,
			);
			buildRules = (
			);
			dependencies = (
				B333ABB81D3E917B00FDCCA4 /* PBXTargetDependency */,
			);
			name = "Peer TutoringTests";
			productName = "Peer TutoringTests";
			productReference = B333ABB61D3E917B00FDCCA4 /* Peer TutoringTests.xctest */;
			productType = "com.apple.product-type.bundle.unit-test";
		};
		B333ABC01D3E917B00FDCCA4 /* Peer TutoringUITests */ = {
			isa = PBXNativeTarget;
			buildConfigurationList = B333ABD01D3E917B00FDCCA4 /* Build configuration list for PBXNativeTarget "Peer TutoringUITests" */;
			buildPhases = (
				B333ABBD1D3E917B00FDCCA4 /* Sources */,
				B333ABBE1D3E917B00FDCCA4 /* Frameworks */,
				B333ABBF1D3E917B00FDCCA4 /* Resources */,
			);
			buildRules = (
			);
			dependencies = (
				B333ABC31D3E917B00FDCCA4 /* PBXTargetDependency */,
			);
			name = "Peer TutoringUITests";
			productName = "Peer TutoringUITests";
			productReference = B333ABC11D3E917B00FDCCA4 /* Peer TutoringUITests.xctest */;
			productType = "com.apple.product-type.bundle.ui-testing";
		};
/* End PBXNativeTarget section */

/* Begin PBXProject section */
		B333AB951D3E917A00FDCCA4 /* Project object */ = {
			isa = PBXProject;
			attributes = {
				LastUpgradeCheck = 0730;
				ORGANIZATIONNAME = "Samuel Noyes";
				TargetAttributes = {
					B333AB9C1D3E917B00FDCCA4 = {
						CreatedOnToolsVersion = 7.3.1;
					};
					B333ABB51D3E917B00FDCCA4 = {
						CreatedOnToolsVersion = 7.3.1;
						TestTargetID = B333AB9C1D3E917B00FDCCA4;
					};
					B333ABC01D3E917B00FDCCA4 = {
						CreatedOnToolsVersion = 7.3.1;
						TestTargetID = B333AB9C1D3E917B00FDCCA4;
					};
				};
			};
			buildConfigurationList = B333AB981D3E917A00FDCCA4 /* Build configuration list for PBXProject "Peer Tutoring" */;
			compatibilityVersion = "Xcode 3.2";
			developmentRegion = English;
			hasScannedForEncodings = 0;
			knownRegions = (
				en,
				Base,
			);
			mainGroup = B333AB941D3E917A00FDCCA4;
			productRefGroup = B333AB9E1D3E917B00FDCCA4 /* Products */;
			projectDirPath = "";
			projectRoot = "";
			targets = (
				B333AB9C1D3E917B00FDCCA4 /* Peer Tutoring */,
				B333ABB51D3E917B00FDCCA4 /* Peer TutoringTests */,
				B333ABC01D3E917B00FDCCA4 /* Peer TutoringUITests */,
			);
		};
/* End PBXProject section */

/* Begin PBXResourcesBuildPhase section */
		B333AB9B1D3E917B00FDCCA4 /* Resources */ = {
			isa = PBXResourcesBuildPhase;
			buildActionMask = 2147483647;
			files = (
				B333ABB01D3E917B00FDCCA4 /* LaunchScreen.storyboard in Resources */,
				B333ABAD1D3E917B00FDCCA4 /* Assets.xcassets in Resources */,
				B333ABAB1D3E917B00FDCCA4 /* Main.storyboard in Resources */,
			);
			runOnlyForDeploymentPostprocessing = 0;
		};
		B333ABB41D3E917B00FDCCA4 /* Resources */ = {
			isa = PBXResourcesBuildPhase;
			buildActionMask = 2147483647;
			files = (
			);
			runOnlyForDeploymentPostprocessing = 0;
		};
		B333ABBF1D3E917B00FDCCA4 /* Resources */ = {
			isa = PBXResourcesBuildPhase;
			buildActionMask = 2147483647;
			files = (
			);
			runOnlyForDeploymentPostprocessing = 0;
		};
/* End PBXResourcesBuildPhase section */

/* Begin PBXSourcesBuildPhase section */
		B333AB991D3E917B00FDCCA4 /* Sources */ = {
			isa = PBXSourcesBuildPhase;
			buildActionMask = 2147483647;
			files = (
				B31C92531D4262E5004F81F0 /* Comment.m in Sources */,
				B3F342971D431C220076C37E /* CommentTableViewCell.m in Sources */,
				B31C924D1D41D87A004F81F0 /* QuestionDetailViewController.m in Sources */,
				B333ABA81D3E917B00FDCCA4 /* TableViewController.m in Sources */,
				B31C92561D42658F004F81F0 /* HTTPManager.m in Sources */,
				B31C924A1D41BB1A004F81F0 /* QuestionTableViewCell.m in Sources */,
				B31C92501D41D977004F81F0 /* Question.m in Sources */,
				B333ABA51D3E917B00FDCCA4 /* AppDelegate.m in Sources */,
				B333ABA21D3E917B00FDCCA4 /* main.m in Sources */,
				B301DD081D43BB87001C307C /* WriteCommentTableViewCell.m in Sources */,
			);
			runOnlyForDeploymentPostprocessing = 0;
		};
		B333ABB21D3E917B00FDCCA4 /* Sources */ = {
			isa = PBXSourcesBuildPhase;
			buildActionMask = 2147483647;
			files = (
				B333ABBB1D3E917B00FDCCA4 /* Peer_TutoringTests.m in Sources */,
			);
			runOnlyForDeploymentPostprocessing = 0;
		};
		B333ABBD1D3E917B00FDCCA4 /* Sources */ = {
			isa = PBXSourcesBuildPhase;
			buildActionMask = 2147483647;
			files = (
				B333ABC61D3E917B00FDCCA4 /* Peer_TutoringUITests.m in Sources */,
			);
			runOnlyForDeploymentPostprocessing = 0;
		};
/* End PBXSourcesBuildPhase section */

/* Begin PBXTargetDependency section */
		B333ABB81D3E917B00FDCCA4 /* PBXTargetDependency */ = {
			isa = PBXTargetDependency;
			target = B333AB9C1D3E917B00FDCCA4 /* Peer Tutoring */;
			targetProxy = B333ABB71D3E917B00FDCCA4 /* PBXContainerItemProxy */;
		};
		B333ABC31D3E917B00FDCCA4 /* PBXTargetDependency */ = {
			isa = PBXTargetDependency;
			target = B333AB9C1D3E917B00FDCCA4 /* Peer Tutoring */;
			targetProxy = B333ABC21D3E917B00FDCCA4 /* PBXContainerItemProxy */;
		};
/* End PBXTargetDependency section */

/* Begin PBXVariantGroup section */
		B333ABA91D3E917B00FDCCA4 /* Main.storyboard */ = {
			isa = PBXVariantGroup;
			children = (
				B333ABAA1D3E917B00FDCCA4 /* Base */,
			);
			name = Main.storyboard;
			sourceTree = "<group>";
		};
		B333ABAE1D3E917B00FDCCA4 /* LaunchScreen.storyboard */ = {
			isa = PBXVariantGroup;
			children = (
				B333ABAF1D3E917B00FDCCA4 /* Base */,
			);
			name = LaunchScreen.storyboard;
			sourceTree = "<group>";
		};
/* End PBXVariantGroup section */

/* Begin XCBuildConfiguration section */
		B333ABC81D3E917B00FDCCA4 /* Debug */ = {
			isa = XCBuildConfiguration;
			buildSettings = {
				ALWAYS_SEARCH_USER_PATHS = NO;
				CLANG_ANALYZER_NONNULL = YES;
				CLANG_CXX_LANGUAGE_STANDARD = "gnu++0x";
				CLANG_CXX_LIBRARY = "libc++";
				CLANG_ENABLE_MODULES = YES;
				CLANG_ENABLE_OBJC_ARC = YES;
				CLANG_WARN_BOOL_CONVERSION = YES;
				CLANG_WARN_CONSTANT_CONVERSION = YES;
				CLANG_WARN_DIRECT_OBJC_ISA_USAGE = YES_ERROR;
				CLANG_WARN_EMPTY_BODY = YES;
				CLANG_WARN_ENUM_CONVERSION = YES;
				CLANG_WARN_INT_CONVERSION = YES;
				CLANG_WARN_OBJC_ROOT_CLASS = YES_ERROR;
				CLANG_WARN_UNREACHABLE_CODE = YES;
				CLANG_WARN__DUPLICATE_METHOD_MATCH = YES;
				"CODE_SIGN_IDENTITY[sdk=iphoneos*]" = "iPhone Developer";
				COPY_PHASE_STRIP = NO;
				DEBUG_INFORMATION_FORMAT = dwarf;
				ENABLE_STRICT_OBJC_MSGSEND = YES;
				ENABLE_TESTABILITY = YES;
				GCC_C_LANGUAGE_STANDARD = gnu99;
				GCC_DYNAMIC_NO_PIC = NO;
				GCC_NO_COMMON_BLOCKS = YES;
				GCC_OPTIMIZATION_LEVEL = 0;
				GCC_PREPROCESSOR_DEFINITIONS = (
					"DEBUG=1",
					"$(inherited)",
				);
				GCC_WARN_64_TO_32_BIT_CONVERSION = YES;
				GCC_WARN_ABOUT_RETURN_TYPE = YES_ERROR;
				GCC_WARN_UNDECLARED_SELECTOR = YES;
				GCC_WARN_UNINITIALIZED_AUTOS = YES_AGGRESSIVE;
				GCC_WARN_UNUSED_FUNCTION = YES;
				GCC_WARN_UNUSED_VARIABLE = YES;
				IPHONEOS_DEPLOYMENT_TARGET = 9.3;
				MTL_ENABLE_DEBUG_INFO = YES;
				ONLY_ACTIVE_ARCH = YES;
				SDKROOT = iphoneos;
			};
			name = Debug;
		};
		B333ABC91D3E917B00FDCCA4 /* Release */ = {
			isa = XCBuildConfiguration;
			buildSettings = {
				ALWAYS_SEARCH_USER_PATHS = NO;
				CLANG_ANALYZER_NONNULL = YES;
				CLANG_CXX_LANGUAGE_STANDARD = "gnu++0x";
				CLANG_CXX_LIBRARY = "libc++";
				CLANG_ENABLE_MODULES = YES;
				CLANG_ENABLE_OBJC_ARC = YES;
				CLANG_WARN_BOOL_CONVERSION = YES;
				CLANG_WARN_CONSTANT_CONVERSION = YES;
				CLANG_WARN_DIRECT_OBJC_ISA_USAGE = YES_ERROR;
				CLANG_WARN_EMPTY_BODY = YES;
				CLANG_WARN_ENUM_CONVERSION = YES;
				CLANG_WARN_INT_CONVERSION = YES;
				CLANG_WARN_OBJC_ROOT_CLASS = YES_ERROR;
				CLANG_WARN_UNREACHABLE_CODE = YES;
				CLANG_WARN__DUPLICATE_METHOD_MATCH = YES;
				"CODE_SIGN_IDENTITY[sdk=iphoneos*]" = "iPhone Developer";
				COPY_PHASE_STRIP = NO;
				DEBUG_INFORMATION_FORMAT = "dwarf-with-dsym";
				ENABLE_NS_ASSERTIONS = NO;
				ENABLE_STRICT_OBJC_MSGSEND = YES;
				GCC_C_LANGUAGE_STANDARD = gnu99;
				GCC_NO_COMMON_BLOCKS = YES;
				GCC_WARN_64_TO_32_BIT_CONVERSION = YES;
				GCC_WARN_ABOUT_RETURN_TYPE = YES_ERROR;
				GCC_WARN_UNDECLARED_SELECTOR = YES;
				GCC_WARN_UNINITIALIZED_AUTOS = YES_AGGRESSIVE;
				GCC_WARN_UNUSED_FUNCTION = YES;
				GCC_WARN_UNUSED_VARIABLE = YES;
				IPHONEOS_DEPLOYMENT_TARGET = 9.3;
				MTL_ENABLE_DEBUG_INFO = NO;
				SDKROOT = iphoneos;
				VALIDATE_PRODUCT = YES;
			};
			name = Release;
		};
		B333ABCB1D3E917B00FDCCA4 /* Debug */ = {
			isa = XCBuildConfiguration;
			buildSettings = {
				ASSETCATALOG_COMPILER_APPICON_NAME = AppIcon;
				INFOPLIST_FILE = "Peer Tutoring/Info.plist";
				LD_RUNPATH_SEARCH_PATHS = "$(inherited) @executable_path/Frameworks";
				PRODUCT_BUNDLE_IDENTIFIER = "com.nancynoyesprogramming.Peer-Tutoring";
				PRODUCT_NAME = "$(TARGET_NAME)";
			};
			name = Debug;
		};
		B333ABCC1D3E917B00FDCCA4 /* Release */ = {
			isa = XCBuildConfiguration;
			buildSettings = {
				ASSETCATALOG_COMPILER_APPICON_NAME = AppIcon;
				INFOPLIST_FILE = "Peer Tutoring/Info.plist";
				LD_RUNPATH_SEARCH_PATHS = "$(inherited) @executable_path/Frameworks";
				PRODUCT_BUNDLE_IDENTIFIER = "com.nancynoyesprogramming.Peer-Tutoring";
				PRODUCT_NAME = "$(TARGET_NAME)";
			};
			name = Release;
		};
		B333ABCE1D3E917B00FDCCA4 /* Debug */ = {
			isa = XCBuildConfiguration;
			buildSettings = {
				BUNDLE_LOADER = "$(TEST_HOST)";
				INFOPLIST_FILE = "Peer TutoringTests/Info.plist";
				LD_RUNPATH_SEARCH_PATHS = "$(inherited) @executable_path/Frameworks @loader_path/Frameworks";
				PRODUCT_BUNDLE_IDENTIFIER = "com.nancynoyesprogramming.Peer-TutoringTests";
				PRODUCT_NAME = "$(TARGET_NAME)";
				TEST_HOST = "$(BUILT_PRODUCTS_DIR)/Peer Tutoring.app/Peer Tutoring";
			};
			name = Debug;
		};
		B333ABCF1D3E917B00FDCCA4 /* Release */ = {
			isa = XCBuildConfiguration;
			buildSettings = {
				BUNDLE_LOADER = "$(TEST_HOST)";
				INFOPLIST_FILE = "Peer TutoringTests/Info.plist";
				LD_RUNPATH_SEARCH_PATHS = "$(inherited) @executable_path/Frameworks @loader_path/Frameworks";
				PRODUCT_BUNDLE_IDENTIFIER = "com.nancynoyesprogramming.Peer-TutoringTests";
				PRODUCT_NAME = "$(TARGET_NAME)";
				TEST_HOST = "$(BUILT_PRODUCTS_DIR)/Peer Tutoring.app/Peer Tutoring";
			};
			name = Release;
		};
		B333ABD11D3E917B00FDCCA4 /* Debug */ = {
			isa = XCBuildConfiguration;
			buildSettings = {
				INFOPLIST_FILE = "Peer TutoringUITests/Info.plist";
				LD_RUNPATH_SEARCH_PATHS = "$(inherited) @executable_path/Frameworks @loader_path/Frameworks";
				PRODUCT_BUNDLE_IDENTIFIER = "com.nancynoyesprogramming.Peer-TutoringUITests";
				PRODUCT_NAME = "$(TARGET_NAME)";
				TEST_TARGET_NAME = "Peer Tutoring";
			};
			name = Debug;
		};
		B333ABD21D3E917B00FDCCA4 /* Release */ = {
			isa = XCBuildConfiguration;
			buildSettings = {
				INFOPLIST_FILE = "Peer TutoringUITests/Info.plist";
				LD_RUNPATH_SEARCH_PATHS = "$(inherited) @executable_path/Frameworks @loader_path/Frameworks";
				PRODUCT_BUNDLE_IDENTIFIER = "com.nancynoyesprogramming.Peer-TutoringUITests";
				PRODUCT_NAME = "$(TARGET_NAME)";
				TEST_TARGET_NAME = "Peer Tutoring";
			};
			name = Release;
		};
/* End XCBuildConfiguration section */

/* Begin XCConfigurationList section */
		B333AB981D3E917A00FDCCA4 /* Build configuration list for PBXProject "Peer Tutoring" */ = {
			isa = XCConfigurationList;
			buildConfigurations = (
				B333ABC81D3E917B00FDCCA4 /* Debug */,
				B333ABC91D3E917B00FDCCA4 /* Release */,
			);
			defaultConfigurationIsVisible = 0;
			defaultConfigurationName = Release;
		};
		B333ABCA1D3E917B00FDCCA4 /* Build configuration list for PBXNativeTarget "Peer Tutoring" */ = {
			isa = XCConfigurationList;
			buildConfigurations = (
				B333ABCB1D3E917B00FDCCA4 /* Debug */,
				B333ABCC1D3E917B00FDCCA4 /* Release */,
			);
			defaultConfigurationIsVisible = 0;
			defaultConfigurationName = Release;
		};
		B333ABCD1D3E917B00FDCCA4 /* Build configuration list for PBXNativeTarget "Peer TutoringTests" */ = {
			isa = XCConfigurationList;
			buildConfigurations = (
				B333ABCE1D3E917B00FDCCA4 /* Debug */,
				B333ABCF1D3E917B00FDCCA4 /* Release */,
			);
			defaultConfigurationIsVisible = 0;
			defaultConfigurationName = Release;
		};
		B333ABD01D3E917B00FDCCA4 /* Build configuration list for PBXNativeTarget "Peer TutoringUITests" */ = {
			isa = XCConfigurationList;
			buildConfigurations = (
				B333ABD11D3E917B00FDCCA4 /* Debug */,
				B333ABD21D3E917B00FDCCA4 /* Release */,
			);
			defaultConfigurationIsVisible = 0;
			defaultConfigurationName = Release;
		};
/* End XCConfigurationList section */
	};
	rootObject = B333AB951D3E917A00FDCCA4 /* Project object */;
}
